{

  "name": "@pavelo8501/editors",

  "version": "0.0.2",

  "lockfileVersion": 3,

  "requires": true,

  "packages": {

    "": {

      "name": "@pavelo8501/editors",

      "version": "0.0.2",

      "hasInstallScript": true,

      "license": "MIT",

      "dependencies": {

        "ngx-editor": "^18.0.0"

      },

      "devDependencies": {

        "rimraf": "^6.0.1",

        "tslib": "^2.8.1"

      },

      "peerDependencies": {

        "@angular/common": "^20.2.1",

        "@angular/core": "^20.2.1",

        "@angular/forms": "^20.2.1"

      }

    },

    "node_modules/@angular/common": {

      "version": "20.2.1",

      "resolved": "https://registry.npmjs.org/@angular/common/-/common-20.2.1.tgz",

      "integrity": "sha512-T6RYnDZA9TyYhj2hUz4set8p4RbBCg6IKUvy6qzdKTl4nn4xQ0XUV7aGBYN4LKiGrse9lzlVUAyXtkhmwuBbCQ==",

      "license": "MIT",

      "peer": true,

      "dependencies": {

        "tslib": "^2.3.0"

      },

      "engines": {

        "node": "^20.19.0 || ^22.12.0 || >=24.0.0"

      },

      "peerDependencies": {

        "@angular/core": "20.2.1",

        "rxjs": "^6.5.3 || ^7.4.0"

      }

    },

    "node_modules/@angular/core": {

      "version": "20.2.1",

      "resolved": "https://registry.npmjs.org/@angular/core/-/core-20.2.1.tgz",

      "integrity": "sha512-/hl3AkmdQ62P9ttmfULEDg9GIz7BkzhGv9bSH2ssiU3Y4ax6eM8uQXEbMxBA8OUKOvg1Q4POcNHIiJQgO5t28Q==",

      "license": "MIT",

      "peer": true,

      "dependencies": {

        "tslib": "^2.3.0"

      },

      "engines": {

        "node": "^20.19.0 || ^22.12.0 || >=24.0.0"

      },

      "peerDependencies": {

        "@angular/compiler": "20.2.1",

        "rxjs": "^6.5.3 || ^7.4.0",

        "zone.js": "~0.15.0"

      },

      "peerDependenciesMeta": {

        "@angular/compiler": {

          "optional": true

        },

        "zone.js": {

          "optional": true

        }

      }

    },

    "node_modules/@angular/forms": {

      "version": "20.2.1",

      "resolved": "https://registry.npmjs.org/@angular/forms/-/forms-20.2.1.tgz",

      "integrity": "sha512-SfkiHEIFPLtTKeaXUTpRfYnpJDxaeKiTi0YqfvzEjKE68qH0t+pQ4rL0Poch2/l4snP6JS1XzO/nDve1dk3vZw==",

      "license": "MIT",

      "peer": true,

      "dependencies": {

        "tslib": "^2.3.0"

      },

      "engines": {

        "node": "^20.19.0 || ^22.12.0 || >=24.0.0"

      },

      "peerDependencies": {

        "@angular/common": "20.2.1",

        "@angular/core": "20.2.1",

        "@angular/platform-browser": "20.2.1",

        "rxjs": "^6.5.3 || ^7.4.0"

      }

    },

    "node_modules/@angular/platform-browser": {

      "version": "20.2.1",

      "resolved": "https://registry.npmjs.org/@angular/platform-browser/-/platform-browser-20.2.1.tgz",

      "integrity": "sha512-oxDih/A8G7W+I6oAip+sev+kebioYmzhB/NMzF8C8zx/ieVDzatJ+YeEZQt7eDaJLH94S4sIC25SPq3OFIabxg==",

      "license": "MIT",

      "peer": true,

      "dependencies": {

        "tslib": "^2.3.0"

      },

      "engines": {

        "node": "^20.19.0 || ^22.12.0 || >=24.0.0"

      },

      "peerDependencies": {

        "@angular/animations": "20.2.1",

        "@angular/common": "20.2.1",

        "@angular/core": "20.2.1"

      },

      "peerDependenciesMeta": {

        "@angular/animations": {

          "optional": true

        }

      }

    },

    "node_modules/@floating-ui/core": {

      "version": "1.7.3",

      "resolved": "https://registry.npmjs.org/@floating-ui/core/-/core-1.7.3.tgz",

      "integrity": "sha512-sGnvb5dmrJaKEZ+LDIpguvdX3bDlEllmv4/ClQ9awcmCZrlx5jQyyMWFM5kBI+EyNOCDDiKk8il0zeuX3Zlg/w==",

      "license": "MIT",

      "dependencies": {

        "@floating-ui/utils": "^0.2.10"

      }

    },

    "node_modules/@floating-ui/dom": {

      "version": "1.7.4",

      "resolved": "https://registry.npmjs.org/@floating-ui/dom/-/dom-1.7.4.tgz",

      "integrity": "sha512-OOchDgh4F2CchOX94cRVqhvy7b3AFb+/rQXyswmzmGakRfkMgoWVjfnLWkRirfLEfuD4ysVW16eXzwt3jHIzKA==",

      "license": "MIT",

      "dependencies": {

        "@floating-ui/core": "^1.7.3",

        "@floating-ui/utils": "^0.2.10"

      }

    },

    "node_modules/@floating-ui/utils": {

      "version": "0.2.10",

      "resolved": "https://registry.npmjs.org/@floating-ui/utils/-/utils-0.2.10.tgz",

      "integrity": "sha512-aGTxbpbg8/b5JfU1HXSrbH3wXZuLPJcNEcZQFMxLs3oSzgtVu6nFPkbbGGUvBcUjKV2YyB9Wxxabo+HEH9tcRQ==",

      "license": "MIT"

    },

    "node_modules/@isaacs/balanced-match": {

      "version": "4.0.1",

      "resolved": "https://registry.npmjs.org/@isaacs/balanced-match/-/balanced-match-4.0.1.tgz",

      "integrity": "sha512-yzMTt9lEb8Gv7zRioUilSglI0c0smZ9k5D65677DLWLtWJaXIS3CqcGyUFByYKlnUj6TkjLVs54fBl6+TiGQDQ==",

      "dev": true,

      "license": "MIT",

      "engines": {

        "node": "20 || >=22"

      }

    },

    "node_modules/@isaacs/brace-expansion": {

      "version": "5.0.0",

      "resolved": "https://registry.npmjs.org/@isaacs/brace-expansion/-/brace-expansion-5.0.0.tgz",

      "integrity": "sha512-ZT55BDLV0yv0RBm2czMiZ+SqCGO7AvmOM3G/w2xhVPH+te0aKgFjmBvGlL1dH+ql2tgGO3MVrbb3jCKyvpgnxA==",

      "dev": true,

      "license": "MIT",

      "dependencies": {

        "@isaacs/balanced-match": "^4.0.1"

      },

      "engines": {

        "node": "20 || >=22"

      }

    },

    "node_modules/@isaacs/cliui": {

      "version": "8.0.2",

      "resolved": "https://registry.npmjs.org/@isaacs/cliui/-/cliui-8.0.2.tgz",

      "integrity": "sha512-O8jcjabXaleOG9DQ0+ARXWZBTfnP4WNAqzuiJK7ll44AmxGKv/J2M4TPjxjY3znBCfvBXFzucm1twdyFybFqEA==",

      "dev": true,

      "license": "ISC",

      "dependencies": {

        "string-width": "^5.1.2",

        "string-width-cjs": "npm:string-width@^4.2.0",

        "strip-ansi": "^7.0.1",

        "strip-ansi-cjs": "npm:strip-ansi@^6.0.1",

        "wrap-ansi": "^8.1.0",

        "wrap-ansi-cjs": "npm:wrap-ansi@^7.0.0"

      },

      "engines": {

        "node": ">=12"

      }

    },

    "node_modules/@types/trusted-types": {

      "version": "2.0.7",

      "resolved": "https://registry.npmjs.org/@types/trusted-types/-/trusted-types-2.0.7.tgz",

      "integrity": "sha512-ScaPdn1dQczgbl0QFTeTOmVHFULt394XJgOQNoyVhZ6r2vLnMLJfBPd53SB52T/3G36VI1/g2MZaX0cwDuXsfw==",

      "license": "MIT"

    },

    "node_modules/ansi-regex": {

      "version": "6.2.0",

      "resolved": "https://registry.npmjs.org/ansi-regex/-/ansi-regex-6.2.0.tgz",

      "integrity": "sha512-TKY5pyBkHyADOPYlRT9Lx6F544mPl0vS5Ew7BJ45hA08Q+t3GjbueLliBWN3sMICk6+y7HdyxSzC4bWS8baBdg==",

      "dev": true,

      "license": "MIT",

      "engines": {

        "node": ">=12"

      },

      "funding": {

        "url": "https://github.com/chalk/ansi-regex?sponsor=1"

      }

    },

    "node_modules/ansi-styles": {

      "version": "6.2.1",

      "resolved": "https://registry.npmjs.org/ansi-styles/-/ansi-styles-6.2.1.tgz",

      "integrity": "sha512-bN798gFfQX+viw3R7yrGWRqnrN2oRkEkUjjl4JNn4E8GxxbjtG3FbrEIIY3l8/hrwUwIeCZvi4QuOTP4MErVug==",

      "dev": true,

      "license": "MIT",

      "engines": {

        "node": ">=12"

      },

      "funding": {

        "url": "https://github.com/chalk/ansi-styles?sponsor=1"

      }

    },

    "node_modules/color-convert": {

      "version": "2.0.1",

      "resolved": "https://registry.npmjs.org/color-convert/-/color-convert-2.0.1.tgz",

      "integrity": "sha512-RRECPsj7iu/xb5oKYcsFHSppFNnsj/52OVTRKb4zP5onXwVF3zVmmToNcOfGC+CRDpfK/U584fMg38ZHCaElKQ==",

      "dev": true,

      "license": "MIT",

      "dependencies": {

        "color-name": "~1.1.4"

      },

      "engines": {

        "node": ">=7.0.0"

      }

    },

    "node_modules/color-name": {

      "version": "1.1.4",

      "resolved": "https://registry.npmjs.org/color-name/-/color-name-1.1.4.tgz",

      "integrity": "sha512-dOy+3AuW3a2wNbZHIuMZpTcgjGuLU/uBL/ubcZF9OXbDo8ff4O8yVp5Bf0efS8uEoYo5q4Fx7dY9OgQGXgAsQA==",

      "dev": true,

      "license": "MIT"

    },

    "node_modules/cross-spawn": {

      "version": "7.0.6",

      "resolved": "https://registry.npmjs.org/cross-spawn/-/cross-spawn-7.0.6.tgz",

      "integrity": "sha512-uV2QOWP2nWzsy2aMp8aRibhi9dlzF5Hgh5SHaB9OiTGEyDTiJJyx0uy51QXdyWbtAHNua4XJzUKca3OzKUd3vA==",

      "dev": true,

      "license": "MIT",

      "dependencies": {

        "path-key": "^3.1.0",

        "shebang-command": "^2.0.0",

        "which": "^2.0.1"

      },

      "engines": {

        "node": ">= 8"

      }

    },

    "node_modules/eastasianwidth": {

      "version": "0.2.0",

      "resolved": "https://registry.npmjs.org/eastasianwidth/-/eastasianwidth-0.2.0.tgz",

      "integrity": "sha512-I88TYZWc9XiYHRQ4/3c5rjjfgkjhLyW2luGIheGERbNQ6OY7yTybanSpDXZa8y7VUP9YmDcYa+eyq4ca7iLqWA==",

      "dev": true,

      "license": "MIT"

    },

    "node_modules/emoji-regex": {

      "version": "9.2.2",

      "resolved": "https://registry.npmjs.org/emoji-regex/-/emoji-regex-9.2.2.tgz",

      "integrity": "sha512-L18DaJsXSUk2+42pv8mLs5jJT2hqFkFE4j21wOmgbUqsZ2hL72NsUU785g9RXgo3s0ZNgVl42TiHp3ZtOv/Vyg==",

      "dev": true,

      "license": "MIT"

    },

    "node_modules/foreground-child": {

      "version": "3.3.1",

      "resolved": "https://registry.npmjs.org/foreground-child/-/foreground-child-3.3.1.tgz",

      "integrity": "sha512-gIXjKqtFuWEgzFRJA9WCQeSJLZDjgJUOMCMzxtvFq/37KojM1BFGufqsCy0r4qSQmYLsZYMeyRqzIWOMup03sw==",

      "dev": true,

      "license": "ISC",

      "dependencies": {

        "cross-spawn": "^7.0.6",

        "signal-exit": "^4.0.1"

      },

      "engines": {

        "node": ">=14"

      },

      "funding": {

        "url": "https://github.com/sponsors/isaacs"

      }

    },

    "node_modules/glob": {

      "version": "11.0.3",

      "resolved": "https://registry.npmjs.org/glob/-/glob-11.0.3.tgz",

      "integrity": "sha512-2Nim7dha1KVkaiF4q6Dj+ngPPMdfvLJEOpZk/jKiUAkqKebpGAWQXAq9z1xu9HKu5lWfqw/FASuccEjyznjPaA==",

      "dev": true,

      "license": "ISC",

      "dependencies": {

        "foreground-child": "^3.3.1",

        "jackspeak": "^4.1.1",

        "minimatch": "^10.0.3",

        "minipass": "^7.1.2",

        "package-json-from-dist": "^1.0.0",

        "path-scurry": "^2.0.0"

      },

      "bin": {

        "glob": "dist/esm/bin.mjs"

      },

      "engines": {

        "node": "20 || >=22"

      },

      "funding": {

        "url": "https://github.com/sponsors/isaacs"

      }

    },

    "node_modules/is-fullwidth-code-point": {

      "version": "3.0.0",

      "resolved": "https://registry.npmjs.org/is-fullwidth-code-point/-/is-fullwidth-code-point-3.0.0.tgz",

      "integrity": "sha512-zymm5+u+sCsSWyD9qNaejV3DFvhCKclKdizYaJUuHA83RLjb7nSuGnddCHGv0hk+KY7BMAlsWeK4Ueg6EV6XQg==",

      "dev": true,

      "license": "MIT",

      "engines": {

        "node": ">=8"

      }

    },

    "node_modules/isexe": {

      "version": "2.0.0",

      "resolved": "https://registry.npmjs.org/isexe/-/isexe-2.0.0.tgz",

      "integrity": "sha512-RHxMLp9lnKHGHRng9QFhRCMbYAcVpn69smSGcq3f36xjgVVWThj4qqLbTLlq7Ssj8B+fIQ1EuCEGI2lKsyQeIw==",

      "dev": true,

      "license": "ISC"

    },

    "node_modules/jackspeak": {

      "version": "4.1.1",

      "resolved": "https://registry.npmjs.org/jackspeak/-/jackspeak-4.1.1.tgz",

      "integrity": "sha512-zptv57P3GpL+O0I7VdMJNBZCu+BPHVQUk55Ft8/QCJjTVxrnJHuVuX/0Bl2A6/+2oyR/ZMEuFKwmzqqZ/U5nPQ==",

      "dev": true,

      "license": "BlueOak-1.0.0",

      "dependencies": {

        "@isaacs/cliui": "^8.0.2"

      },

      "engines": {

        "node": "20 || >=22"

      },

      "funding": {

        "url": "https://github.com/sponsors/isaacs"

      }

    },

    "node_modules/lru-cache": {

      "version": "11.1.0",

      "resolved": "https://registry.npmjs.org/lru-cache/-/lru-cache-11.1.0.tgz",

      "integrity": "sha512-QIXZUBJUx+2zHUdQujWejBkcD9+cs94tLn0+YL8UrCh+D5sCXZ4c7LaEH48pNwRY3MLDgqUFyhlCyjJPf1WP0A==",

      "dev": true,

      "license": "ISC",

      "engines": {

        "node": "20 || >=22"

      }

    },

    "node_modules/minimatch": {

      "version": "10.0.3",

      "resolved": "https://registry.npmjs.org/minimatch/-/minimatch-10.0.3.tgz",

      "integrity": "sha512-IPZ167aShDZZUMdRk66cyQAW3qr0WzbHkPdMYa8bzZhlHhO3jALbKdxcaak7W9FfT2rZNpQuUu4Od7ILEpXSaw==",

      "dev": true,

      "license": "ISC",

      "dependencies": {

        "@isaacs/brace-expansion": "^5.0.0"

      },

      "engines": {

        "node": "20 || >=22"

      },

      "funding": {

        "url": "https://github.com/sponsors/isaacs"

      }

    },

    "node_modules/minipass": {

      "version": "7.1.2",

      "resolved": "https://registry.npmjs.org/minipass/-/minipass-7.1.2.tgz",

      "integrity": "sha512-qOOzS1cBTWYF4BH8fVePDBOO9iptMnGUEZwNc/cMWnTV2nVLZ7VoNWEPHkYczZA0pdoA7dl6e7FL659nX9S2aw==",

      "dev": true,

      "license": "ISC",

      "engines": {

        "node": ">=16 || 14 >=14.17"

      }

    },

    "node_modules/ngx-editor": {

      "version": "18.0.0",

      "resolved": "https://registry.npmjs.org/ngx-editor/-/ngx-editor-18.0.0.tgz",

      "integrity": "sha512-N4KMibVcSpeYX3oAv91+CqiHH6Jr1H+NsYhUVwJsfI6l/7BxpK4AvaQ9fDOvhjjR5FGKja6RaALF+FqSBFy5pg==",

      "license": "MIT",

      "dependencies": {

        "@floating-ui/core": "^1.6.7",

        "@floating-ui/dom": "^1.6.10",

        "@types/trusted-types": "~2.0.7",

        "prosemirror-commands": "^1.6.0",

        "prosemirror-history": "^1.4.1",

        "prosemirror-inputrules": "^1.4.0",

        "prosemirror-keymap": "^1.2.2",

        "prosemirror-model": "^1.22.3",

        "prosemirror-schema-list": "^1.4.1",

        "prosemirror-state": "^1.4.3",

        "prosemirror-view": "^1.34.1",

        "tslib": "^2.3.0"

      },

      "peerDependencies": {

        "@angular/common": ">=18.2.0",

        "@angular/core": ">=18.2.0",

        "@angular/forms": ">=18.2.0",

        "@angular/platform-browser": ">=18.2.0",

        "rxjs": ">=7.8.0"

      }

    },

    "node_modules/orderedmap": {

      "version": "2.1.1",

      "resolved": "https://registry.npmjs.org/orderedmap/-/orderedmap-2.1.1.tgz",

      "integrity": "sha512-TvAWxi0nDe1j/rtMcWcIj94+Ffe6n7zhow33h40SKxmsmozs6dz/e+EajymfoFcHd7sxNn8yHM8839uixMOV6g==",

      "license": "MIT"

    },

    "node_modules/package-json-from-dist": {

      "version": "1.0.1",

      "resolved": "https://registry.npmjs.org/package-json-from-dist/-/package-json-from-dist-1.0.1.tgz",

      "integrity": "sha512-UEZIS3/by4OC8vL3P2dTXRETpebLI2NiI5vIrjaD/5UtrkFX/tNbwjTSRAGC/+7CAo2pIcBaRgWmcBBHcsaCIw==",

      "dev": true,

      "license": "BlueOak-1.0.0"

    },

    "node_modules/path-key": {

      "version": "3.1.1",

      "resolved": "https://registry.npmjs.org/path-key/-/path-key-3.1.1.tgz",

      "integrity": "sha512-ojmeN0qd+y0jszEtoY48r0Peq5dwMEkIlCOu6Q5f41lfkswXuKtYrhgoTpLnyIcHm24Uhqx+5Tqm2InSwLhE6Q==",

      "dev": true,

      "license": "MIT",

      "engines": {

        "node": ">=8"

      }

    },

    "node_modules/path-scurry": {

      "version": "2.0.0",

      "resolved": "https://registry.npmjs.org/path-scurry/-/path-scurry-2.0.0.tgz",

      "integrity": "sha512-ypGJsmGtdXUOeM5u93TyeIEfEhM6s+ljAhrk5vAvSx8uyY/02OvrZnA0YNGUrPXfpJMgI1ODd3nwz8Npx4O4cg==",

      "dev": true,

      "license": "BlueOak-1.0.0",

      "dependencies": {

        "lru-cache": "^11.0.0",

        "minipass": "^7.1.2"

      },

      "engines": {

        "node": "20 || >=22"

      },

      "funding": {

        "url": "https://github.com/sponsors/isaacs"

      }

    },

    "node_modules/prosemirror-commands": {

      "version": "1.7.1",

      "resolved": "https://registry.npmjs.org/prosemirror-commands/-/prosemirror-commands-1.7.1.tgz",

      "integrity": "sha512-rT7qZnQtx5c0/y/KlYaGvtG411S97UaL6gdp6RIZ23DLHanMYLyfGBV5DtSnZdthQql7W+lEVbpSfwtO8T+L2w==",

      "license": "MIT",

      "dependencies": {

        "prosemirror-model": "^1.0.0",

        "prosemirror-state": "^1.0.0",

        "prosemirror-transform": "^1.10.2"

      }

    },

    "node_modules/prosemirror-history": {

      "version": "1.4.1",

      "resolved": "https://registry.npmjs.org/prosemirror-history/-/prosemirror-history-1.4.1.tgz",

      "integrity": "sha512-2JZD8z2JviJrboD9cPuX/Sv/1ChFng+xh2tChQ2X4bB2HeK+rra/bmJ3xGntCcjhOqIzSDG6Id7e8RJ9QPXLEQ==",

      "license": "MIT",

      "dependencies": {

        "prosemirror-state": "^1.2.2",

        "prosemirror-transform": "^1.0.0",

        "prosemirror-view": "^1.31.0",

        "rope-sequence": "^1.3.0"

      }

    },

    "node_modules/prosemirror-inputrules": {

      "version": "1.5.0",

      "resolved": "https://registry.npmjs.org/prosemirror-inputrules/-/prosemirror-inputrules-1.5.0.tgz",

      "integrity": "sha512-K0xJRCmt+uSw7xesnHmcn72yBGTbY45vm8gXI4LZXbx2Z0jwh5aF9xrGQgrVPu0WbyFVFF3E/o9VhJYz6SQWnA==",

      "license": "MIT",

      "dependencies": {

        "prosemirror-state": "^1.0.0",

        "prosemirror-transform": "^1.0.0"

      }

    },

    "node_modules/prosemirror-keymap": {

      "version": "1.2.3",

      "resolved": "https://registry.npmjs.org/prosemirror-keymap/-/prosemirror-keymap-1.2.3.tgz",

      "integrity": "sha512-4HucRlpiLd1IPQQXNqeo81BGtkY8Ai5smHhKW9jjPKRc2wQIxksg7Hl1tTI2IfT2B/LgX6bfYvXxEpJl7aKYKw==",

      "license": "MIT",

      "dependencies": {

        "prosemirror-state": "^1.0.0",

        "w3c-keyname": "^2.2.0"

      }

    },

    "node_modules/prosemirror-model": {

      "version": "1.25.3",

      "resolved": "https://registry.npmjs.org/prosemirror-model/-/prosemirror-model-1.25.3.tgz",

      "integrity": "sha512-dY2HdaNXlARknJbrManZ1WyUtos+AP97AmvqdOQtWtrrC5g4mohVX5DTi9rXNFSk09eczLq9GuNTtq3EfMeMGA==",

      "license": "MIT",

      "dependencies": {

        "orderedmap": "^2.0.0"

      }

    },

    "node_modules/prosemirror-schema-list": {

      "version": "1.5.1",

      "resolved": "https://registry.npmjs.org/prosemirror-schema-list/-/prosemirror-schema-list-1.5.1.tgz",

      "integrity": "sha512-927lFx/uwyQaGwJxLWCZRkjXG0p48KpMj6ueoYiu4JX05GGuGcgzAy62dfiV8eFZftgyBUvLx76RsMe20fJl+Q==",

      "license": "MIT",

      "dependencies": {

        "prosemirror-model": "^1.0.0",

        "prosemirror-state": "^1.0.0",

        "prosemirror-transform": "^1.7.3"

      }

    },

    "node_modules/prosemirror-state": {

      "version": "1.4.3",

      "resolved": "https://registry.npmjs.org/prosemirror-state/-/prosemirror-state-1.4.3.tgz",

      "integrity": "sha512-goFKORVbvPuAQaXhpbemJFRKJ2aixr+AZMGiquiqKxaucC6hlpHNZHWgz5R7dS4roHiwq9vDctE//CZ++o0W1Q==",

      "license": "MIT",

      "dependencies": {

        "prosemirror-model": "^1.0.0",

        "prosemirror-transform": "^1.0.0",

        "prosemirror-view": "^1.27.0"

      }

    },

    "node_modules/prosemirror-transform": {

      "version": "1.10.4",

      "resolved": "https://registry.npmjs.org/prosemirror-transform/-/prosemirror-transform-1.10.4.tgz",

      "integrity": "sha512-pwDy22nAnGqNR1feOQKHxoFkkUtepoFAd3r2hbEDsnf4wp57kKA36hXsB3njA9FtONBEwSDnDeCiJe+ItD+ykw==",

      "license": "MIT",

      "dependencies": {

        "prosemirror-model": "^1.21.0"

      }

    },

    "node_modules/prosemirror-view": {

      "version": "1.40.1",

      "resolved": "https://registry.npmjs.org/prosemirror-view/-/prosemirror-view-1.40.1.tgz",

      "integrity": "sha512-pbwUjt3G7TlsQQHDiYSupWBhJswpLVB09xXm1YiJPdkjkh9Pe7Y51XdLh5VWIZmROLY8UpUpG03lkdhm9lzIBA==",

      "license": "MIT",

      "dependencies": {

        "prosemirror-model": "^1.20.0",

        "prosemirror-state": "^1.0.0",

        "prosemirror-transform": "^1.1.0"

      }

    },

    "node_modules/rimraf": {

      "version": "6.0.1",

      "resolved": "https://registry.npmjs.org/rimraf/-/rimraf-6.0.1.tgz",

      "integrity": "sha512-9dkvaxAsk/xNXSJzMgFqqMCuFgt2+KsOFek3TMLfo8NCPfWpBmqwyNn5Y+NX56QUYfCtsyhF3ayiboEoUmJk/A==",

      "dev": true,

      "license": "ISC",

      "dependencies": {

        "glob": "^11.0.0",

        "package-json-from-dist": "^1.0.0"

      },

      "bin": {

        "rimraf": "dist/esm/bin.mjs"

      },

      "engines": {

        "node": "20 || >=22"

      },

      "funding": {

        "url": "https://github.com/sponsors/isaacs"

      }

    },

    "node_modules/rope-sequence": {

      "version": "1.3.4",

      "resolved": "https://registry.npmjs.org/rope-sequence/-/rope-sequence-1.3.4.tgz",

      "integrity": "sha512-UT5EDe2cu2E/6O4igUr5PSFs23nvvukicWHx6GnOPlHAiiYbzNuCRQCuiUdHJQcqKalLKlrYJnjY0ySGsXNQXQ==",

      "license": "MIT"

    },

    "node_modules/rxjs": {

      "version": "7.8.2",

      "resolved": "https://registry.npmjs.org/rxjs/-/rxjs-7.8.2.tgz",

      "integrity": "sha512-dhKf903U/PQZY6boNNtAGdWbG85WAbjT/1xYoZIC7FAY0yWapOBQVsVrDl58W86//e1VpMNBtRV4MaXfdMySFA==",

      "license": "Apache-2.0",

      "peer": true,

      "dependencies": {

        "tslib": "^2.1.0"

      }

    },

    "node_modules/shebang-command": {

      "version": "2.0.0",

      "resolved": "https://registry.npmjs.org/shebang-command/-/shebang-command-2.0.0.tgz",

      "integrity": "sha512-kHxr2zZpYtdmrN1qDjrrX/Z1rR1kG8Dx+gkpK1G4eXmvXswmcE1hTWBWYUzlraYw1/yZp6YuDY77YtvbN0dmDA==",

      "dev": true,

      "license": "MIT",

      "dependencies": {

        "shebang-regex": "^3.0.0"

      },

      "engines": {

        "node": ">=8"

      }

    },

    "node_modules/shebang-regex": {

      "version": "3.0.0",

      "resolved": "https://registry.npmjs.org/shebang-regex/-/shebang-regex-3.0.0.tgz",

      "integrity": "sha512-7++dFhtcx3353uBaq8DDR4NuxBetBzC7ZQOhmTQInHEd6bSrXdiEyzCvG07Z44UYdLShWUyXt5M/yhz8ekcb1A==",

      "dev": true,

      "license": "MIT",

      "engines": {

        "node": ">=8"

      }

    },

    "node_modules/signal-exit": {

      "version": "4.1.0",

      "resolved": "https://registry.npmjs.org/signal-exit/-/signal-exit-4.1.0.tgz",

      "integrity": "sha512-bzyZ1e88w9O1iNJbKnOlvYTrWPDl46O1bG0D3XInv+9tkPrxrN8jUUTiFlDkkmKWgn1M6CfIA13SuGqOa9Korw==",

      "dev": true,

      "license": "ISC",

      "engines": {

        "node": ">=14"

      },

      "funding": {

        "url": "https://github.com/sponsors/isaacs"

      }

    },

    "node_modules/string-width": {

      "version": "5.1.2",

      "resolved": "https://registry.npmjs.org/string-width/-/string-width-5.1.2.tgz",

      "integrity": "sha512-HnLOCR3vjcY8beoNLtcjZ5/nxn2afmME6lhrDrebokqMap+XbeW8n9TXpPDOqdGK5qcI3oT0GKTW6wC7EMiVqA==",

      "dev": true,

      "license": "MIT",

      "dependencies": {

        "eastasianwidth": "^0.2.0",

        "emoji-regex": "^9.2.2",

        "strip-ansi": "^7.0.1"

      },

      "engines": {

        "node": ">=12"

      },

      "funding": {

        "url": "https://github.com/sponsors/sindresorhus"

      }

    },

    "node_modules/string-width-cjs": {

      "name": "string-width",

      "version": "4.2.3",

      "resolved": "https://registry.npmjs.org/string-width/-/string-width-4.2.3.tgz",

      "integrity": "sha512-wKyQRQpjJ0sIp62ErSZdGsjMJWsap5oRNihHhu6G7JVO/9jIB6UyevL+tXuOqrng8j/cxKTWyWUwvSTriiZz/g==",

      "dev": true,

      "license": "MIT",

      "dependencies": {

        "emoji-regex": "^8.0.0",

        "is-fullwidth-code-point": "^3.0.0",

        "strip-ansi": "^6.0.1"

      },

      "engines": {

        "node": ">=8"

      }

    },

    "node_modules/string-width-cjs/node_modules/ansi-regex": {

      "version": "5.0.1",

      "resolved": "https://registry.npmjs.org/ansi-regex/-/ansi-regex-5.0.1.tgz",

      "integrity": "sha512-quJQXlTSUGL2LH9SUXo8VwsY4soanhgo6LNSm84E1LBcE8s3O0wpdiRzyR9z/ZZJMlMWv37qOOb9pdJlMUEKFQ==",

      "dev": true,

      "license": "MIT",

      "engines": {

        "node": ">=8"

      }

    },

    "node_modules/string-width-cjs/node_modules/emoji-regex": {

      "version": "8.0.0",

      "resolved": "https://registry.npmjs.org/emoji-regex/-/emoji-regex-8.0.0.tgz",

      "integrity": "sha512-MSjYzcWNOA0ewAHpz0MxpYFvwg6yjy1NG3xteoqz644VCo/RPgnr1/GGt+ic3iJTzQ8Eu3TdM14SawnVUmGE6A==",

      "dev": true,

      "license": "MIT"

    },

    "node_modules/string-width-cjs/node_modules/strip-ansi": {

      "version": "6.0.1",

      "resolved": "https://registry.npmjs.org/strip-ansi/-/strip-ansi-6.0.1.tgz",

      "integrity": "sha512-Y38VPSHcqkFrCpFnQ9vuSXmquuv5oXOKpGeT6aGrr3o3Gc9AlVa6JBfUSOCnbxGGZF+/0ooI7KrPuUSztUdU5A==",

      "dev": true,

      "license": "MIT",

      "dependencies": {

        "ansi-regex": "^5.0.1"

      },

      "engines": {

        "node": ">=8"

      }

    },

    "node_modules/strip-ansi": {

      "version": "7.1.0",

      "resolved": "https://registry.npmjs.org/strip-ansi/-/strip-ansi-7.1.0.tgz",

      "integrity": "sha512-iq6eVVI64nQQTRYq2KtEg2d2uU7LElhTJwsH4YzIHZshxlgZms/wIc4VoDQTlG/IvVIrBKG06CrZnp0qv7hkcQ==",

      "dev": true,

      "license": "MIT",

      "dependencies": {

        "ansi-regex": "^6.0.1"

      },

      "engines": {

        "node": ">=12"

      },

      "funding": {

        "url": "https://github.com/chalk/strip-ansi?sponsor=1"

      }

    },

    "node_modules/strip-ansi-cjs": {

      "name": "strip-ansi",

      "version": "6.0.1",

      "resolved": "https://registry.npmjs.org/strip-ansi/-/strip-ansi-6.0.1.tgz",

      "integrity": "sha512-Y38VPSHcqkFrCpFnQ9vuSXmquuv5oXOKpGeT6aGrr3o3Gc9AlVa6JBfUSOCnbxGGZF+/0ooI7KrPuUSztUdU5A==",

      "dev": true,

      "license": "MIT",

      "dependencies": {

        "ansi-regex": "^5.0.1"

      },

      "engines": {

        "node": ">=8"

      }

    },

    "node_modules/strip-ansi-cjs/node_modules/ansi-regex": {

      "version": "5.0.1",

      "resolved": "https://registry.npmjs.org/ansi-regex/-/ansi-regex-5.0.1.tgz",

      "integrity": "sha512-quJQXlTSUGL2LH9SUXo8VwsY4soanhgo6LNSm84E1LBcE8s3O0wpdiRzyR9z/ZZJMlMWv37qOOb9pdJlMUEKFQ==",

      "dev": true,

      "license": "MIT",

      "engines": {

        "node": ">=8"

      }

    },

    "node_modules/tslib": {

      "version": "2.8.1",

      "resolved": "https://registry.npmjs.org/tslib/-/tslib-2.8.1.tgz",

      "integrity": "sha512-oJFu94HQb+KVduSUQL7wnpmqnfmLsOA/nAh6b6EH0wCEoK0/mPeXU6c3wKDV83MkOuHPRHtSXKKU99IBazS/2w==",

      "license": "0BSD"

    },

    "node_modules/w3c-keyname": {

      "version": "2.2.8",

      "resolved": "https://registry.npmjs.org/w3c-keyname/-/w3c-keyname-2.2.8.tgz",

      "integrity": "sha512-dpojBhNsCNN7T82Tm7k26A6G9ML3NkhDsnw9n/eoxSRlVBB4CEtIQ/KTCLI2Fwf3ataSXRhYFkQi3SlnFwPvPQ==",

      "license": "MIT"

    },

    "node_modules/which": {

      "version": "2.0.2",

      "resolved": "https://registry.npmjs.org/which/-/which-2.0.2.tgz",

      "integrity": "sha512-BLI3Tl1TW3Pvl70l3yq3Y64i+awpwXqsGBYWkkqMtnbXgrMD+yj7rhW0kuEDxzJaYXGjEW5ogapKNMEKNMjibA==",

      "dev": true,

      "license": "ISC",

      "dependencies": {

        "isexe": "^2.0.0"

      },

      "bin": {

        "node-which": "bin/node-which"

      },

      "engines": {

        "node": ">= 8"

      }

    },

    "node_modules/wrap-ansi": {

      "version": "8.1.0",

      "resolved": "https://registry.npmjs.org/wrap-ansi/-/wrap-ansi-8.1.0.tgz",

      "integrity": "sha512-si7QWI6zUMq56bESFvagtmzMdGOtoxfR+Sez11Mobfc7tm+VkUckk9bW2UeffTGVUbOksxmSw0AA2gs8g71NCQ==",

      "dev": true,

      "license": "MIT",

      "dependencies": {

        "ansi-styles": "^6.1.0",

        "string-width": "^5.0.1",

        "strip-ansi": "^7.0.1"

      },

      "engines": {

        "node": ">=12"

      },

      "funding": {

        "url": "https://github.com/chalk/wrap-ansi?sponsor=1"

      }

    },

    "node_modules/wrap-ansi-cjs": {

      "name": "wrap-ansi",

      "version": "7.0.0",

      "resolved": "https://registry.npmjs.org/wrap-ansi/-/wrap-ansi-7.0.0.tgz",

      "integrity": "sha512-YVGIj2kamLSTxw6NsZjoBxfSwsn0ycdesmc4p+Q21c5zPuZ1pl+NfxVdxPtdHvmNVOQ6XSYG4AUtyt/Fi7D16Q==",

      "dev": true,

      "license": "MIT",

      "dependencies": {

        "ansi-styles": "^4.0.0",

        "string-width": "^4.1.0",

        "strip-ansi": "^6.0.0"

      },

      "engines": {

        "node": ">=10"

      },

      "funding": {

        "url": "https://github.com/chalk/wrap-ansi?sponsor=1"

      }

    },

    "node_modules/wrap-ansi-cjs/node_modules/ansi-regex": {

      "version": "5.0.1",

      "resolved": "https://registry.npmjs.org/ansi-regex/-/ansi-regex-5.0.1.tgz",

      "integrity": "sha512-quJQXlTSUGL2LH9SUXo8VwsY4soanhgo6LNSm84E1LBcE8s3O0wpdiRzyR9z/ZZJMlMWv37qOOb9pdJlMUEKFQ==",

      "dev": true,

      "license": "MIT",

      "engines": {

        "node": ">=8"

      }

    },

    "node_modules/wrap-ansi-cjs/node_modules/ansi-styles": {

      "version": "4.3.0",

      "resolved": "https://registry.npmjs.org/ansi-styles/-/ansi-styles-4.3.0.tgz",

      "integrity": "sha512-zbB9rCJAT1rbjiVDb2hqKFHNYLxgtk8NURxZ3IZwD3F6NtxbXZQCnnSi1Lkx+IDohdPlFp222wVALIheZJQSEg==",

      "dev": true,

      "license": "MIT",

      "dependencies": {

        "color-convert": "^2.0.1"

      },

      "engines": {

        "node": ">=8"

      },

      "funding": {

        "url": "https://github.com/chalk/ansi-styles?sponsor=1"

      }

    },

    "node_modules/wrap-ansi-cjs/node_modules/emoji-regex": {

      "version": "8.0.0",

      "resolved": "https://registry.npmjs.org/emoji-regex/-/emoji-regex-8.0.0.tgz",

      "integrity": "sha512-MSjYzcWNOA0ewAHpz0MxpYFvwg6yjy1NG3xteoqz644VCo/RPgnr1/GGt+ic3iJTzQ8Eu3TdM14SawnVUmGE6A==",

      "dev": true,

      "license": "MIT"

    },

    "node_modules/wrap-ansi-cjs/node_modules/string-width": {

      "version": "4.2.3",

      "resolved": "https://registry.npmjs.org/string-width/-/string-width-4.2.3.tgz",

      "integrity": "sha512-wKyQRQpjJ0sIp62ErSZdGsjMJWsap5oRNihHhu6G7JVO/9jIB6UyevL+tXuOqrng8j/cxKTWyWUwvSTriiZz/g==",

      "dev": true,

      "license": "MIT",

      "dependencies": {

        "emoji-regex": "^8.0.0",

        "is-fullwidth-code-point": "^3.0.0",

        "strip-ansi": "^6.0.1"

      },

      "engines": {

        "node": ">=8"

      }

    },

    "node_modules/wrap-ansi-cjs/node_modules/strip-ansi": {

      "version": "6.0.1",

      "resolved": "https://registry.npmjs.org/strip-ansi/-/strip-ansi-6.0.1.tgz",

      "integrity": "sha512-Y38VPSHcqkFrCpFnQ9vuSXmquuv5oXOKpGeT6aGrr3o3Gc9AlVa6JBfUSOCnbxGGZF+/0ooI7KrPuUSztUdU5A==",

      "dev": true,

      "license": "MIT",

      "dependencies": {

        "ansi-regex": "^5.0.1"

      },

      "engines": {

        "node": ">=8"

      }

    }

  }

}

